
Microsoft Visual Studio Solution File, Format Version 12.00
# Visual Studio Version 17
VisualStudioVersion = 17.4.33213.308
MinimumVisualStudioVersion = 10.0.40219.1
Project("{9A19103F-16F7-4668-BE54-9A1E7A4F7556}") = "csharp-fundamentals-maps.Main", "csharp-fundamentals-maps.Main\csharp-fundamentals-maps.Main.csproj", "{4F505649-F379-4700-99F7-B7C7C4716511}"
EndProject
Project("{9A19103F-16F7-4668-BE54-9A1E7A4F7556}") = "csharp-fundamentals-maps.Test", "csharp-fundamentals-maps.Test\csharp-fundamentals-maps.Test.csproj", "{B417090C-C71D-4BC9-8A11-875B2AFB0D37}"
EndProject
Project("{2150E333-8FDC-42A3-9474-1A3956D46DE8}") = "Solution Items", "Solution Items", "{179EC1C6-1B4C-4401-8788-99F781A4C1DA}"
	ProjectSection(SolutionItems) = preProject
		README.md = README.md
	EndProjectSection
EndProject
Global
	GlobalSection(SolutionConfigurationPlatforms) = preSolution
		Debug|Any CPU = Debug|Any CPU
		Release|Any CPU = Release|Any CPU
	EndGlobalSection
	GlobalSection(ProjectConfigurationPlatforms) = postSolution
		{4F505649-F379-4700-99F7-B7C7C4716511}.Debug|Any CPU.ActiveCfg = Debug|Any CPU
		{4F505649-F379-4700-99F7-B7C7C4716511}.Debug|Any CPU.Build.0 = Debug|Any CPU
		{4F505649-F379-4700-99F7-B7C7C4716511}.Release|Any CPU.ActiveCfg = Release|Any CPU
		{4F505649-F379-4700-99F7-B7C7C4716511}.Release|Any CPU.Build.0 = Release|Any CPU
		{B417090C-C71D-4BC9-8A11-875B2AFB0D37}.Debug|Any CPU.ActiveCfg = Debug|Any CPU
		{B417090C-C71D-4BC9-8A11-875B2AFB0D37}.Debug|Any CPU.Build.0 = Debug|Any CPU
		{B417090C-C71D-4BC9-8A11-875B2AFB0D37}.Release|Any CPU.ActiveCfg = Release|Any CPU
		{B417090C-C71D-4BC9-8A11-875B2AFB0D37}.Release|Any CPU.Build.0 = Release|Any CPU
	EndGlobalSection
	GlobalSection(SolutionProperties) = preSolution
		HideSolutionNode = FALSE
	EndGlobalSection
	GlobalSection(ExtensibilityGlobals) = postSolution
		SolutionGuid = {1BB15E94-1A65-4271-B36B-715CF6642E0A}
	EndGlobalSection
EndGlobal
